
Microsoft Visual Studio Solution File, Format Version 10.00
# Visual Studio 2008
Project("{8BC9CEB8-8B4A-11D0-8D11-00A0C91BC942}") = "HtmlScrnSaver", "HtmlScrnSaver\HtmlScrnSaver.vcproj", "{520233A1-415F-4C5E-81B8-82B7B55174A7}"
EndProject
Global
	GlobalSection(SolutionConfigurationPlatforms) = preSolution
		Debug|Win32 = Debug|Win32
		Release|Win32 = Release|Win32
	EndGlobalSection
	GlobalSection(ProjectConfigurationPlatforms) = postSolution
		{520233A1-415F-4C5E-81B8-82B7B55174A7}.Debug|Win32.ActiveCfg = Debug|Win32
		{520233A1-415F-4C5E-81B8-82B7B55174A7}.Debug|Win32.Build.0 = Debug|Win32
		{520233A1-415F-4C5E-81B8-82B7B55174A7}.Release|Win32.ActiveCfg = Release|Win32
		{520233A1-415F-4C5E-81B8-82B7B55174A7}.Release|Win32.Build.0 = Release|Win32
	EndGlobalSection
	GlobalSection(SolutionProperties) = preSolution
		HideSolutionNode = FALSE
	EndGlobalSection
EndGlobal
